// !$*UTF8*$!
{
	archiveVersion = 1;
	classes = {
	};
	objectVersion = 56;
	objects = {

/* Begin PBXBuildFile section */
		361F30CD2E9E61110091FDDE /* RoomDetailView.swift in Sources */ = {isa = PBXBuildFile; fileRef = 361F30C82E9E61110091FDDE /* RoomDetailView.swift */; };
		361F30CE2E9E61110091FDDE /* Message.swift in Sources */ = {isa = PBXBuildFile; fileRef = 361F30B92E9E61110091FDDE /* Message.swift */; };
		361F30CF2E9E61110091FDDE /* LocationService.swift in Sources */ = {isa = PBXBuildFile; fileRef = 361F30BF2E9E61110091FDDE /* LocationService.swift */; };
		361F30D02E9E61110091FDDE /* AudioService.swift in Sources */ = {isa = PBXBuildFile; fileRef = 361F30BC2E9E61110091FDDE /* AudioService.swift */; };
		361F30D12E9E61110091FDDE /* Config.swift in Sources */ = {isa = PBXBuildFile; fileRef = 361F30B62E9E61110091FDDE /* Config.swift */; };
		361F30D22E9E61110091FDDE /* TrackingStatsView.swift in Sources */ = {isa = PBXBuildFile; fileRef = 361F30C62E9E61110091FDDE /* TrackingStatsView.swift */; };
		361F30D32E9E61110091FDDE /* Room.swift in Sources */ = {isa = PBXBuildFile; fileRef = 361F30BA2E9E61110091FDDE /* Room.swift */; };
		361F30D42E9E61110091FDDE /* AuthService.swift in Sources */ = {isa = PBXBuildFile; fileRef = 361F30BD2E9E61110091FDDE /* AuthService.swift */; };
		361F30D52E9E61110091FDDE /* RegisterView.swift in Sources */ = {isa = PBXBuildFile; fileRef = 361F30C32E9E61110091FDDE /* RegisterView.swift */; };
		361F30D62E9E61110091FDDE /* RoomService.swift in Sources */ = {isa = PBXBuildFile; fileRef = 361F30C02E9E61110091FDDE /* RoomService.swift */; };
		361F30D72E9E61110091FDDE /* RoomListView.swift in Sources */ = {isa = PBXBuildFile; fileRef = 361F30C92E9E61110091FDDE /* RoomListView.swift */; };
		361F30D82E9E61110091FDDE /* LoginView.swift in Sources */ = {isa = PBXBuildFile; fileRef = 361F30C22E9E61110091FDDE /* LoginView.swift */; };
		361F30D92E9E61110091FDDE /* AppState.swift in Sources */ = {isa = PBXBuildFile; fileRef = 361F30B52E9E61110091FDDE /* AppState.swift */; };
		361F30DA2E9E61110091FDDE /* ChatService.swift in Sources */ = {isa = PBXBuildFile; fileRef = 361F30BE2E9E61110091FDDE /* ChatService.swift */; };
		361F30DB2E9E61110091FDDE /* ChatMessageRow.swift in Sources */ = {isa = PBXBuildFile; fileRef = 361F30C52E9E61110091FDDE /* ChatMessageRow.swift */; };
		361F30DC2E9E61110091FDDE /* Activity.swift in Sources */ = {isa = PBXBuildFile; fileRef = 361F30B82E9E61110091FDDE /* Activity.swift */; };
		365B04812E9E731F00BD6EB8 /* VLCKitSPM in Frameworks */ = {isa = PBXBuildFile; productRef = 365B04802E9E731F00BD6EB8 /* VLCKitSPM */; };
		365B04832E9E7A9600BD6EB8 /* ProfileService.swift in Sources */ = {isa = PBXBuildFile; fileRef = 365B04822E9E7A9600BD6EB8 /* ProfileService.swift */; };
		3686B9AB2E9E64CD008E208C /* Auth in Frameworks */ = {isa = PBXBuildFile; productRef = 3686B9AA2E9E64CD008E208C /* Auth */; };
		3686B9AD2E9E64CD008E208C /* Functions in Frameworks */ = {isa = PBXBuildFile; productRef = 3686B9AC2E9E64CD008E208C /* Functions */; };
		3686B9AF2E9E64CD008E208C /* PostgREST in Frameworks */ = {isa = PBXBuildFile; productRef = 3686B9AE2E9E64CD008E208C /* PostgREST */; };
		3686B9B12E9E64CD008E208C /* Realtime in Frameworks */ = {isa = PBXBuildFile; productRef = 3686B9B02E9E64CD008E208C /* Realtime */; };
		3686B9B32E9E64CD008E208C /* Storage in Frameworks */ = {isa = PBXBuildFile; productRef = 3686B9B22E9E64CD008E208C /* Storage */; };
		3686B9B52E9E64CD008E208C /* Supabase in Frameworks */ = {isa = PBXBuildFile; productRef = 3686B9B42E9E64CD008E208C /* Supabase */; };
		3686B9B62E9E66B4008E208C /* CheerioAppApp.swift in Sources */ = {isa = PBXBuildFile; fileRef = CheerioAppAppFile /* CheerioAppApp.swift */; };
		3688C2222E9E71F5003E8EFC /* VLCKitSPM in Frameworks */ = {isa = PBXBuildFile; productRef = 3688C2212E9E71F5003E8EFC /* VLCKitSPM */; };
		Assets /* (null) in Resources */ = {isa = PBXBuildFile; };
		CheerioAppApp /* (null) in Sources */ = {isa = PBXBuildFile; };
		ContentView /* (null) in Sources */ = {isa = PBXBuildFile; };
/* End PBXBuildFile section */

/* Begin PBXFileReference section */
		361F30B52E9E61110091FDDE /* AppState.swift */ = {isa = PBXFileReference; lastKnownFileType = sourcecode.swift; path = AppState.swift; sourceTree = "<group>"; };
		361F30B62E9E61110091FDDE /* Config.swift */ = {isa = PBXFileReference; lastKnownFileType = sourcecode.swift; path = Config.swift; sourceTree = "<group>"; };
		361F30B82E9E61110091FDDE /* Activity.swift */ = {isa = PBXFileReference; lastKnownFileType = sourcecode.swift; path = Activity.swift; sourceTree = "<group>"; };
		361F30B92E9E61110091FDDE /* Message.swift */ = {isa = PBXFileReference; lastKnownFileType = sourcecode.swift; path = Message.swift; sourceTree = "<group>"; };
		361F30BA2E9E61110091FDDE /* Room.swift */ = {isa = PBXFileReference; lastKnownFileType = sourcecode.swift; path = Room.swift; sourceTree = "<group>"; };
		361F30BC2E9E61110091FDDE /* AudioService.swift */ = {isa = PBXFileReference; lastKnownFileType = sourcecode.swift; path = AudioService.swift; sourceTree = "<group>"; };
		361F30BD2E9E61110091FDDE /* AuthService.swift */ = {isa = PBXFileReference; lastKnownFileType = sourcecode.swift; path = AuthService.swift; sourceTree = "<group>"; };
		361F30BE2E9E61110091FDDE /* ChatService.swift */ = {isa = PBXFileReference; lastKnownFileType = sourcecode.swift; path = ChatService.swift; sourceTree = "<group>"; };
		361F30BF2E9E61110091FDDE /* LocationService.swift */ = {isa = PBXFileReference; lastKnownFileType = sourcecode.swift; path = LocationService.swift; sourceTree = "<group>"; };
		361F30C02E9E61110091FDDE /* RoomService.swift */ = {isa = PBXFileReference; lastKnownFileType = sourcecode.swift; path = RoomService.swift; sourceTree = "<group>"; };
		361F30C22E9E61110091FDDE /* LoginView.swift */ = {isa = PBXFileReference; lastKnownFileType = sourcecode.swift; path = LoginView.swift; sourceTree = "<group>"; };
		361F30C32E9E61110091FDDE /* RegisterView.swift */ = {isa = PBXFileReference; lastKnownFileType = sourcecode.swift; path = RegisterView.swift; sourceTree = "<group>"; };
		361F30C52E9E61110091FDDE /* ChatMessageRow.swift */ = {isa = PBXFileReference; lastKnownFileType = sourcecode.swift; path = ChatMessageRow.swift; sourceTree = "<group>"; };
		361F30C62E9E61110091FDDE /* TrackingStatsView.swift */ = {isa = PBXFileReference; lastKnownFileType = sourcecode.swift; path = TrackingStatsView.swift; sourceTree = "<group>"; };
		361F30C82E9E61110091FDDE /* RoomDetailView.swift */ = {isa = PBXFileReference; lastKnownFileType = sourcecode.swift; path = RoomDetailView.swift; sourceTree = "<group>"; };
		361F30C92E9E61110091FDDE /* RoomListView.swift */ = {isa = PBXFileReference; lastKnownFileType = sourcecode.swift; path = RoomListView.swift; sourceTree = "<group>"; };
		361F30DD2E9E62A90091FDDE /* Info.plist */ = {isa = PBXFileReference; lastKnownFileType = text.plist; path = Info.plist; sourceTree = "<group>"; };
		365B04822E9E7A9600BD6EB8 /* ProfileService.swift */ = {isa = PBXFileReference; lastKnownFileType = sourcecode.swift; name = ProfileService.swift; path = CheerioApp/Services/ProfileService.swift; sourceTree = "<group>"; };
		AssetsFile /* Assets.xcassets */ = {isa = PBXFileReference; lastKnownFileType = folder.assetcatalog; path = Assets.xcassets; sourceTree = "<group>"; };
		CheerioApp /* CheerioApp.app */ = {isa = PBXFileReference; explicitFileType = wrapper.application; includeInIndex = 0; path = CheerioApp.app; sourceTree = BUILT_PRODUCTS_DIR; };
		CheerioAppAppFile /* CheerioAppApp.swift */ = {isa = PBXFileReference; lastKnownFileType = sourcecode.swift; path = CheerioAppApp.swift; sourceTree = "<group>"; };
		ContentViewFile /* ContentView.swift */ = {isa = PBXFileReference; lastKnownFileType = sourcecode.swift; path = ContentView.swift; sourceTree = "<group>"; };
/* End PBXFileReference section */

/* Begin PBXFrameworksBuildPhase section */
		Frameworks /* Frameworks */ = {
			isa = PBXFrameworksBuildPhase;
			buildActionMask = 2147483647;
			files = (
				3686B9AF2E9E64CD008E208C /* PostgREST in Frameworks */,
				3686B9AD2E9E64CD008E208C /* Functions in Frameworks */,
				3686B9B52E9E64CD008E208C /* Supabase in Frameworks */,
				3686B9AB2E9E64CD008E208C /* Auth in Frameworks */,
				3686B9B32E9E64CD008E208C /* Storage in Frameworks */,
				3688C2222E9E71F5003E8EFC /* VLCKitSPM in Frameworks */,
				365B04812E9E731F00BD6EB8 /* VLCKitSPM in Frameworks */,
				3686B9B12E9E64CD008E208C /* Realtime in Frameworks */,
			);
			runOnlyForDeploymentPostprocessing = 0;
		};
/* End PBXFrameworksBuildPhase section */

/* Begin PBXGroup section */
		361F30BB2E9E61110091FDDE /* Models */ = {
			isa = PBXGroup;
			children = (
				361F30B82E9E61110091FDDE /* Activity.swift */,
				361F30B92E9E61110091FDDE /* Message.swift */,
				361F30BA2E9E61110091FDDE /* Room.swift */,
			);
			path = Models;
			sourceTree = "<group>";
		};
		361F30C12E9E61110091FDDE /* Services */ = {
			isa = PBXGroup;
			children = (
				361F30BC2E9E61110091FDDE /* AudioService.swift */,
				361F30BD2E9E61110091FDDE /* AuthService.swift */,
				361F30BE2E9E61110091FDDE /* ChatService.swift */,
				361F30BF2E9E61110091FDDE /* LocationService.swift */,
				361F30C02E9E61110091FDDE /* RoomService.swift */,
			);
			path = Services;
			sourceTree = "<group>";
		};
		361F30C42E9E61110091FDDE /* Auth */ = {
			isa = PBXGroup;
			children = (
				361F30C22E9E61110091FDDE /* LoginView.swift */,
				361F30C32E9E61110091FDDE /* RegisterView.swift */,
			);
			path = Auth;
			sourceTree = "<group>";
		};
		361F30C72E9E61110091FDDE /* Components */ = {
			isa = PBXGroup;
			children = (
				361F30C52E9E61110091FDDE /* ChatMessageRow.swift */,
				361F30C62E9E61110091FDDE /* TrackingStatsView.swift */,
			);
			path = Components;
			sourceTree = "<group>";
		};
		361F30CA2E9E61110091FDDE /* Rooms */ = {
			isa = PBXGroup;
			children = (
				361F30C82E9E61110091FDDE /* RoomDetailView.swift */,
				361F30C92E9E61110091FDDE /* RoomListView.swift */,
			);
			path = Rooms;
			sourceTree = "<group>";
		};
		361F30CB2E9E61110091FDDE /* Views */ = {
			isa = PBXGroup;
			children = (
				361F30C42E9E61110091FDDE /* Auth */,
				361F30C72E9E61110091FDDE /* Components */,
				361F30CA2E9E61110091FDDE /* Rooms */,
			);
			path = Views;
			sourceTree = "<group>";
		};
		3686B9A92E9E64CD008E208C /* Frameworks */ = {
			isa = PBXGroup;
			children = (
			);
			name = Frameworks;
			sourceTree = "<group>";
		};
		CheerioAppGroup /* CheerioApp */ = {
			isa = PBXGroup;
			children = (
				361F30DD2E9E62A90091FDDE /* Info.plist */,
				361F30B52E9E61110091FDDE /* AppState.swift */,
				361F30B62E9E61110091FDDE /* Config.swift */,
				361F30BB2E9E61110091FDDE /* Models */,
				361F30C12E9E61110091FDDE /* Services */,
				361F30CB2E9E61110091FDDE /* Views */,
				CheerioAppAppFile /* CheerioAppApp.swift */,
				ContentViewFile /* ContentView.swift */,
				AssetsFile /* Assets.xcassets */,
			);
			path = CheerioApp;
			sourceTree = "<group>";
		};
		Products /* Products */ = {
			isa = PBXGroup;
			children = (
				CheerioApp /* CheerioApp.app */,
			);
			name = Products;
			sourceTree = "<group>";
		};
		Root = {
			isa = PBXGroup;
			children = (
				365B04822E9E7A9600BD6EB8 /* ProfileService.swift */,
				CheerioAppGroup /* CheerioApp */,
				3686B9A92E9E64CD008E208C /* Frameworks */,
				Products /* Products */,
			);
			sourceTree = "<group>";
		};
/* End PBXGroup section */

/* Begin PBXNativeTarget section */
		CheerioAppTarget /* CheerioApp */ = {
			isa = PBXNativeTarget;
			buildConfigurationList = BuildConfigList /* Build configuration list for PBXNativeTarget "CheerioApp" */;
			buildPhases = (
				36F0162A2EA009C400C192C1 /* ShellScript */,
				Sources /* Sources */,
				Frameworks /* Frameworks */,
				Resources /* Resources */,
			);
			buildRules = (
			);
			dependencies = (
			);
			name = CheerioApp;
			productName = CheerioApp;
			productReference = CheerioApp /* CheerioApp.app */;
			productType = "com.apple.product-type.application";
		};
/* End PBXNativeTarget section */

/* Begin PBXProject section */
		Project /* Project object */ = {
			isa = PBXProject;
			attributes = {
				BuildIndependentTargetsInParallel = 1;
				LastSwiftUpdateCheck = 1500;
				LastUpgradeCheck = 1500;
			};
			buildConfigurationList = ProjectBuildConfigList /* Build configuration list for PBXProject "CheerioApp" */;
			compatibilityVersion = "Xcode 14.0";
			developmentRegion = en;
			hasScannedForEncodings = 0;
			knownRegions = (
				en,
				Base,
			);
			mainGroup = Root;
			packageReferences = (
				361F30B42E9E5F120091FDDE /* XCRemoteSwiftPackageReference "supabase-swift" */,
				3688C2202E9E71F5003E8EFC /* XCRemoteSwiftPackageReference "vlckit-spm" */,
			);
			productRefGroup = Products /* Products */;
			projectDirPath = "";
			projectRoot = "";
			targets = (
				CheerioAppTarget /* CheerioApp */,
			);
		};
/* End PBXProject section */

/* Begin PBXResourcesBuildPhase section */
		Resources /* Resources */ = {
			isa = PBXResourcesBuildPhase;
			buildActionMask = 2147483647;
			files = (
				Assets /* (null) in Resources */,
			);
			runOnlyForDeploymentPostprocessing = 0;
		};
/* End PBXResourcesBuildPhase section */

/* Begin PBXShellScriptBuildPhase section */
		36F0162A2EA009C400C192C1 /* ShellScript */ = {
			isa = PBXShellScriptBuildPhase;
			buildActionMask = 2147483647;
			files = (
			);
			inputFileListPaths = (
			);
			inputPaths = (
			);
			outputFileListPaths = (
			);
			outputPaths = (
			);
			runOnlyForDeploymentPostprocessing = 0;
			shellPath = /bin/sh;
			shellScript = "   cd \"${SRCROOT}\"\n   ./scripts/generate-config.sh\n";
		};
/* End PBXShellScriptBuildPhase section */

/* Begin PBXSourcesBuildPhase section */
		Sources /* Sources */ = {
			isa = PBXSourcesBuildPhase;
			buildActionMask = 2147483647;
			files = (
				3686B9B62E9E66B4008E208C /* CheerioAppApp.swift in Sources */,
				361F30CD2E9E61110091FDDE /* RoomDetailView.swift in Sources */,
				361F30CE2E9E61110091FDDE /* Message.swift in Sources */,
				361F30CF2E9E61110091FDDE /* LocationService.swift in Sources */,
				361F30D02E9E61110091FDDE /* AudioService.swift in Sources */,
				361F30D12E9E61110091FDDE /* Config.swift in Sources */,
				361F30D22E9E61110091FDDE /* TrackingStatsView.swift in Sources */,
				361F30D32E9E61110091FDDE /* Room.swift in Sources */,
				361F30D42E9E61110091FDDE /* AuthService.swift in Sources */,
				365B04832E9E7A9600BD6EB8 /* ProfileService.swift in Sources */,
				361F30D52E9E61110091FDDE /* RegisterView.swift in Sources */,
				361F30D62E9E61110091FDDE /* RoomService.swift in Sources */,
				361F30D72E9E61110091FDDE /* RoomListView.swift in Sources */,
				361F30D82E9E61110091FDDE /* LoginView.swift in Sources */,
				361F30D92E9E61110091FDDE /* AppState.swift in Sources */,
				361F30DA2E9E61110091FDDE /* ChatService.swift in Sources */,
				361F30DB2E9E61110091FDDE /* ChatMessageRow.swift in Sources */,
				361F30DC2E9E61110091FDDE /* Activity.swift in Sources */,
				CheerioAppApp /* (null) in Sources */,
				ContentView /* (null) in Sources */,
			);
			runOnlyForDeploymentPostprocessing = 0;
		};
/* End PBXSourcesBuildPhase section */

/* Begin XCBuildConfiguration section */
		Debug /* Debug */ = {
			isa = XCBuildConfiguration;
			buildSettings = {
				ALWAYS_SEARCH_USER_PATHS = NO;
				ASSETCATALOG_COMPILER_APPICON_NAME = AppIcon;
				ASSETCATALOG_COMPILER_GLOBAL_ACCENT_COLOR_NAME = AccentColor;
				CLANG_ANALYZER_NONNULL = YES;
				CLANG_ANALYZER_NUMBER_OBJECT_CONVERSION = YES_AGGRESSIVE;
				CLANG_CXX_LANGUAGE_STANDARD = "gnu++20";
				CLANG_ENABLE_MODULES = YES;
				CLANG_ENABLE_OBJC_ARC = YES;
				CLANG_ENABLE_OBJC_WEAK = YES;
				CLANG_WARN_BLOCK_CAPTURE_AUTORELEASING = YES;
				CLANG_WARN_BOOL_CONVERSION = YES;
				CLANG_WARN_COMMA = YES;
				CLANG_WARN_CONSTANT_CONVERSION = YES;
				CLANG_WARN_DEPRECATED_OBJC_IMPLEMENTATIONS = YES;
				CLANG_WARN_DIRECT_OBJC_ISA_USAGE = YES_ERROR;
				CLANG_WARN_DOCUMENTATION_COMMENTS = YES;
				CLANG_WARN_EMPTY_BODY = YES;
				CLANG_WARN_ENUM_CONVERSION = YES;
				CLANG_WARN_INFINITE_RECURSION = YES;
				CLANG_WARN_INT_CONVERSION = YES;
				CLANG_WARN_NON_LITERAL_NULL_CONVERSION = YES;
				CLANG_WARN_OBJC_IMPLICIT_RETAIN_SELF = YES;
				CLANG_WARN_OBJC_LITERAL_CONVERSION = YES;
				CLANG_WARN_OBJC_ROOT_CLASS = YES_ERROR;
				CLANG_WARN_QUOTED_INCLUDE_IN_FRAMEWORK_HEADER = YES;
				CLANG_WARN_RANGE_LOOP_ANALYSIS = YES;
				CLANG_WARN_STRICT_PROTOTYPES = YES;
				CLANG_WARN_SUSPICIOUS_MOVE = YES;
				CLANG_WARN_UNGUARDED_AVAILABILITY = YES_AGGRESSIVE;
				CLANG_WARN_UNREACHABLE_CODE = YES;
				CLANG_WARN__DUPLICATE_METHOD_MATCH = YES;
				CODE_SIGN_STYLE = Automatic;
				COPY_PHASE_STRIP = NO;
				CURRENT_PROJECT_VERSION = 1;
				DEBUG_INFORMATION_FORMAT = dwarf;
				DEVELOPMENT_TEAM = KXM33VMRR9;
				ENABLE_PREVIEWS = YES;
				ENABLE_STRICT_OBJC_MSGSEND = YES;
				ENABLE_TESTABILITY = YES;
				GCC_C_LANGUAGE_STANDARD = gnu11;
				GCC_DYNAMIC_NO_PIC = NO;
				GCC_NO_COMMON_BLOCKS = YES;
				GCC_OPTIMIZATION_LEVEL = 0;
				GCC_PREPROCESSOR_DEFINITIONS = (
					"DEBUG=1",
					"$(inherited)",
				);
				GCC_WARN_64_TO_32_BIT_CONVERSION = YES;
				GCC_WARN_ABOUT_RETURN_TYPE = YES_ERROR;
				GCC_WARN_UNDECLARED_SELECTOR = YES;
				GCC_WARN_UNINITIALIZED_AUTOS = YES_AGGRESSIVE;
				GCC_WARN_UNUSED_FUNCTION = YES;
				GCC_WARN_UNUSED_VARIABLE = YES;
				GENERATE_INFOPLIST_FILE = YES;
				INFOPLIST_FILE = CheerioApp/Info.plist;
				INFOPLIST_KEY_LSApplicationCategoryType = "";
				INFOPLIST_KEY_NSLocationAlwaysAndWhenInUseUsageDescription = "Cheerio needs access to your location to track your journey and share it with others in the room, even when the app is in the background.";
				INFOPLIST_KEY_NSLocationWhenInUseUsageDescription = "Cheerio needs access to your location to track your journey and share it with others in the room.";
				INFOPLIST_KEY_NSMicrophoneUsageDescription = "Cheerio needs access to the microphone to allow you to send voice messages to the chat";
				INFOPLIST_KEY_UIApplicationSceneManifest_Generation = YES;
				INFOPLIST_KEY_UIApplicationSupportsIndirectInputEvents = YES;
				INFOPLIST_KEY_UILaunchScreen_Generation = YES;
				INFOPLIST_KEY_UISupportedInterfaceOrientations = "UIInterfaceOrientationPortrait UIInterfaceOrientationLandscapeLeft UIInterfaceOrientationLandscapeRight";
				INFOPLIST_KEY_UISupportedInterfaceOrientations_iPad = "UIInterfaceOrientationPortrait UIInterfaceOrientationPortraitUpsideDown UIInterfaceOrientationLandscapeLeft UIInterfaceOrientationLandscapeRight";
				IPHONEOS_DEPLOYMENT_TARGET = 17.0;
				LD_RUNPATH_SEARCH_PATHS = (
					"$(inherited)",
					"@executable_path/Frameworks",
				);
				MARKETING_VERSION = 1.0;
				MTL_ENABLE_DEBUG_INFO = INCLUDE_SOURCE;
				MTL_FAST_MATH = YES;
				ONLY_ACTIVE_ARCH = YES;
				PRODUCT_BUNDLE_IDENTIFIER = com.cheerio.CheerioApp;
				PRODUCT_NAME = "$(TARGET_NAME)";
				SDKROOT = iphoneos;
				SWIFT_ACTIVE_COMPILATION_CONDITIONS = DEBUG;
				SWIFT_EMIT_LOC_STRINGS = YES;
				SWIFT_OPTIMIZATION_LEVEL = "-Onone";
				SWIFT_VERSION = 5.0;
				TARGETED_DEVICE_FAMILY = "1,2";
			};
			name = Debug;
		};
		Release /* Release */ = {
			isa = XCBuildConfiguration;
			buildSettings = {
				ALWAYS_SEARCH_USER_PATHS = NO;
				ASSETCATALOG_COMPILER_APPICON_NAME = AppIcon;
				ASSETCATALOG_COMPILER_GLOBAL_ACCENT_COLOR_NAME = AccentColor;
				CLANG_ANALYZER_NONNULL = YES;
				CLANG_ANALYZER_NUMBER_OBJECT_CONVERSION = YES_AGGRESSIVE;
				CLANG_CXX_LANGUAGE_STANDARD = "gnu++20";
				CLANG_ENABLE_MODULES = YES;
				CLANG_ENABLE_OBJC_ARC = YES;
				CLANG_ENABLE_OBJC_WEAK = YES;
				CLANG_WARN_BLOCK_CAPTURE_AUTORELEASING = YES;
				CLANG_WARN_BOOL_CONVERSION = YES;
				CLANG_WARN_COMMA = YES;
				CLANG_WARN_CONSTANT_CONVERSION = YES;
				CLANG_WARN_DEPRECATED_OBJC_IMPLEMENTATIONS = YES;
				CLANG_WARN_DIRECT_OBJC_ISA_USAGE = YES_ERROR;
				CLANG_WARN_DOCUMENTATION_COMMENTS = YES;
				CLANG_WARN_EMPTY_BODY = YES;
				CLANG_WARN_ENUM_CONVERSION = YES;
				CLANG_WARN_INFINITE_RECURSION = YES;
				CLANG_WARN_INT_CONVERSION = YES;
				CLANG_WARN_NON_LITERAL_NULL_CONVERSION = YES;
				CLANG_WARN_OBJC_IMPLICIT_RETAIN_SELF = YES;
				CLANG_WARN_OBJC_LITERAL_CONVERSION = YES;
				CLANG_WARN_OBJC_ROOT_CLASS = YES_ERROR;
				CLANG_WARN_QUOTED_INCLUDE_IN_FRAMEWORK_HEADER = YES;
				CLANG_WARN_RANGE_LOOP_ANALYSIS = YES;
				CLANG_WARN_STRICT_PROTOTYPES = YES;
				CLANG_WARN_SUSPICIOUS_MOVE = YES;
				CLANG_WARN_UNGUARDED_AVAILABILITY = YES_AGGRESSIVE;
				CLANG_WARN_UNREACHABLE_CODE = YES;
				CLANG_WARN__DUPLICATE_METHOD_MATCH = YES;
				CODE_SIGN_STYLE = Automatic;
				COPY_PHASE_STRIP = NO;
				CURRENT_PROJECT_VERSION = 1;
				DEBUG_INFORMATION_FORMAT = "dwarf-with-dsym";
				DEVELOPMENT_TEAM = KXM33VMRR9;
				ENABLE_NS_ASSERTIONS = NO;
				ENABLE_PREVIEWS = YES;
				ENABLE_STRICT_OBJC_MSGSEND = YES;
				GCC_C_LANGUAGE_STANDARD = gnu11;
				GCC_NO_COMMON_BLOCKS = YES;
				GCC_WARN_64_TO_32_BIT_CONVERSION = YES;
				GCC_WARN_ABOUT_RETURN_TYPE = YES_ERROR;
				GCC_WARN_UNDECLARED_SELECTOR = YES;
				GCC_WARN_UNINITIALIZED_AUTOS = YES_AGGRESSIVE;
				GCC_WARN_UNUSED_FUNCTION = YES;
				GCC_WARN_UNUSED_VARIABLE = YES;
				GENERATE_INFOPLIST_FILE = YES;
				INFOPLIST_FILE = CheerioApp/Info.plist;
				INFOPLIST_KEY_LSApplicationCategoryType = "";
				INFOPLIST_KEY_NSLocationAlwaysAndWhenInUseUsageDescription = "Cheerio needs access to your location to track your journey and share it with others in the room, even when the app is in the background.";
				INFOPLIST_KEY_NSLocationWhenInUseUsageDescription = "Cheerio needs access to your location to track your journey and share it with others in the room.";
				INFOPLIST_KEY_NSMicrophoneUsageDescription = "Cheerio needs access to the microphone to allow you to send voice messages to the chat";
				INFOPLIST_KEY_UIApplicationSceneManifest_Generation = YES;
				INFOPLIST_KEY_UIApplicationSupportsIndirectInputEvents = YES;
				INFOPLIST_KEY_UILaunchScreen_Generation = YES;
				INFOPLIST_KEY_UISupportedInterfaceOrientations = "UIInterfaceOrientationPortrait UIInterfaceOrientationLandscapeLeft UIInterfaceOrientationLandscapeRight";
				INFOPLIST_KEY_UISupportedInterfaceOrientations_iPad = "UIInterfaceOrientationPortrait UIInterfaceOrientationPortraitUpsideDown UIInterfaceOrientationLandscapeLeft UIInterfaceOrientationLandscapeRight";
				IPHONEOS_DEPLOYMENT_TARGET = 17.0;
				LD_RUNPATH_SEARCH_PATHS = (
					"$(inherited)",
					"@executable_path/Frameworks",
				);
				MARKETING_VERSION = 1.0;
				MTL_ENABLE_DEBUG_INFO = NO;
				MTL_FAST_MATH = YES;
				PRODUCT_BUNDLE_IDENTIFIER = com.cheerio.CheerioApp;
				PRODUCT_NAME = "$(TARGET_NAME)";
				SDKROOT = iphoneos;
				SWIFT_COMPILATION_MODE = wholemodule;
				SWIFT_EMIT_LOC_STRINGS = YES;
				SWIFT_OPTIMIZATION_LEVEL = "-O";
				SWIFT_VERSION = 5.0;
				TARGETED_DEVICE_FAMILY = "1,2";
				VALIDATE_PRODUCT = YES;
			};
			name = Release;
		};
/* End XCBuildConfiguration section */

/* Begin XCConfigurationList section */
		BuildConfigList /* Build configuration list for PBXNativeTarget "CheerioApp" */ = {
			isa = XCConfigurationList;
			buildConfigurations = (
				Debug /* Debug */,
				Release /* Release */,
			);
			defaultConfigurationIsVisible = 0;
			defaultConfigurationName = Release;
		};
		ProjectBuildConfigList /* Build configuration list for PBXProject "CheerioApp" */ = {
			isa = XCConfigurationList;
			buildConfigurations = (
				Debug /* Debug */,
				Release /* Release */,
			);
			defaultConfigurationIsVisible = 0;
			defaultConfigurationName = Release;
		};
/* End XCConfigurationList section */

/* Begin XCRemoteSwiftPackageReference section */
		361F30B42E9E5F120091FDDE /* XCRemoteSwiftPackageReference "supabase-swift" */ = {
			isa = XCRemoteSwiftPackageReference;
			repositoryURL = "https://github.com/supabase-community/supabase-swift.git";
			requirement = {
				kind = upToNextMajorVersion;
				minimumVersion = 2.5.1;
			};
		};
		3688C2202E9E71F5003E8EFC /* XCRemoteSwiftPackageReference "vlckit-spm" */ = {
			isa = XCRemoteSwiftPackageReference;
			repositoryURL = "https://github.com/tylerjonesio/vlckit-spm";
			requirement = {
				kind = upToNextMajorVersion;
				minimumVersion = 3.6.0;
			};
		};
/* End XCRemoteSwiftPackageReference section */

/* Begin XCSwiftPackageProductDependency section */
		365B04802E9E731F00BD6EB8 /* VLCKitSPM */ = {
			isa = XCSwiftPackageProductDependency;
			package = 3688C2202E9E71F5003E8EFC /* XCRemoteSwiftPackageReference "vlckit-spm" */;
			productName = VLCKitSPM;
		};
		3686B9AA2E9E64CD008E208C /* Auth */ = {
			isa = XCSwiftPackageProductDependency;
			package = 361F30B42E9E5F120091FDDE /* XCRemoteSwiftPackageReference "supabase-swift" */;
			productName = Auth;
		};
		3686B9AC2E9E64CD008E208C /* Functions */ = {
			isa = XCSwiftPackageProductDependency;
			package = 361F30B42E9E5F120091FDDE /* XCRemoteSwiftPackageReference "supabase-swift" */;
			productName = Functions;
		};
		3686B9AE2E9E64CD008E208C /* PostgREST */ = {
			isa = XCSwiftPackageProductDependency;
			package = 361F30B42E9E5F120091FDDE /* XCRemoteSwiftPackageReference "supabase-swift" */;
			productName = PostgREST;
		};
		3686B9B02E9E64CD008E208C /* Realtime */ = {
			isa = XCSwiftPackageProductDependency;
			package = 361F30B42E9E5F120091FDDE /* XCRemoteSwiftPackageReference "supabase-swift" */;
			productName = Realtime;
		};
		3686B9B22E9E64CD008E208C /* Storage */ = {
			isa = XCSwiftPackageProductDependency;
			package = 361F30B42E9E5F120091FDDE /* XCRemoteSwiftPackageReference "supabase-swift" */;
			productName = Storage;
		};
		3686B9B42E9E64CD008E208C /* Supabase */ = {
			isa = XCSwiftPackageProductDependency;
			package = 361F30B42E9E5F120091FDDE /* XCRemoteSwiftPackageReference "supabase-swift" */;
			productName = Supabase;
		};
		3688C2212E9E71F5003E8EFC /* VLCKitSPM */ = {
			isa = XCSwiftPackageProductDependency;
			package = 3688C2202E9E71F5003E8EFC /* XCRemoteSwiftPackageReference "vlckit-spm" */;
			productName = VLCKitSPM;
		};
/* End XCSwiftPackageProductDependency section */
	};
	rootObject = Project /* Project object */;
}
